
Microsoft Visual Studio Solution File, Format Version 12.00
# Visual Studio 15
VisualStudioVersion = 15.0.26124.0
MinimumVisualStudioVersion = 15.0.26124.0
Project("{FAE04EC0-301F-11D3-BF4B-00C04F79EFBC}") = "Core", "Core\Core.csproj", "{629DBFE5-4FE1-468A-94AF-1977E42A1794}"
EndProject
Project("{FAE04EC0-301F-11D3-BF4B-00C04F79EFBC}") = "Test", "Test\Test.csproj", "{7D0C770C-FD8C-4C03-AB18-CCCBBF3635E4}"
EndProject
Project("{FAE04EC0-301F-11D3-BF4B-00C04F79EFBC}") = "Console", "Console\Console.csproj", "{E654699E-AFDB-4D4F-8243-ED145B483695}"
EndProject
Global
	GlobalSection(SolutionConfigurationPlatforms) = preSolution
		Debug|Any CPU = Debug|Any CPU
		Debug|x64 = Debug|x64
		Debug|x86 = Debug|x86
		Release|Any CPU = Release|Any CPU
		Release|x64 = Release|x64
		Release|x86 = Release|x86
	EndGlobalSection
	GlobalSection(SolutionProperties) = preSolution
		HideSolutionNode = FALSE
	EndGlobalSection
	GlobalSection(ProjectConfigurationPlatforms) = postSolution
		{629DBFE5-4FE1-468A-94AF-1977E42A1794}.Debug|Any CPU.ActiveCfg = Debug|Any CPU
		{629DBFE5-4FE1-468A-94AF-1977E42A1794}.Debug|Any CPU.Build.0 = Debug|Any CPU
		{629DBFE5-4FE1-468A-94AF-1977E42A1794}.Debug|x64.ActiveCfg = Debug|Any CPU
		{629DBFE5-4FE1-468A-94AF-1977E42A1794}.Debug|x64.Build.0 = Debug|Any CPU
		{629DBFE5-4FE1-468A-94AF-1977E42A1794}.Debug|x86.ActiveCfg = Debug|Any CPU
		{629DBFE5-4FE1-468A-94AF-1977E42A1794}.Debug|x86.Build.0 = Debug|Any CPU
		{629DBFE5-4FE1-468A-94AF-1977E42A1794}.Release|Any CPU.ActiveCfg = Release|Any CPU
		{629DBFE5-4FE1-468A-94AF-1977E42A1794}.Release|Any CPU.Build.0 = Release|Any CPU
		{629DBFE5-4FE1-468A-94AF-1977E42A1794}.Release|x64.ActiveCfg = Release|Any CPU
		{629DBFE5-4FE1-468A-94AF-1977E42A1794}.Release|x64.Build.0 = Release|Any CPU
		{629DBFE5-4FE1-468A-94AF-1977E42A1794}.Release|x86.ActiveCfg = Release|Any CPU
		{629DBFE5-4FE1-468A-94AF-1977E42A1794}.Release|x86.Build.0 = Release|Any CPU
		{7D0C770C-FD8C-4C03-AB18-CCCBBF3635E4}.Debug|Any CPU.ActiveCfg = Debug|Any CPU
		{7D0C770C-FD8C-4C03-AB18-CCCBBF3635E4}.Debug|Any CPU.Build.0 = Debug|Any CPU
		{7D0C770C-FD8C-4C03-AB18-CCCBBF3635E4}.Debug|x64.ActiveCfg = Debug|Any CPU
		{7D0C770C-FD8C-4C03-AB18-CCCBBF3635E4}.Debug|x64.Build.0 = Debug|Any CPU
		{7D0C770C-FD8C-4C03-AB18-CCCBBF3635E4}.Debug|x86.ActiveCfg = Debug|Any CPU
		{7D0C770C-FD8C-4C03-AB18-CCCBBF3635E4}.Debug|x86.Build.0 = Debug|Any CPU
		{7D0C770C-FD8C-4C03-AB18-CCCBBF3635E4}.Release|Any CPU.ActiveCfg = Release|Any CPU
		{7D0C770C-FD8C-4C03-AB18-CCCBBF3635E4}.Release|Any CPU.Build.0 = Release|Any CPU
		{7D0C770C-FD8C-4C03-AB18-CCCBBF3635E4}.Release|x64.ActiveCfg = Release|Any CPU
		{7D0C770C-FD8C-4C03-AB18-CCCBBF3635E4}.Release|x64.Build.0 = Release|Any CPU
		{7D0C770C-FD8C-4C03-AB18-CCCBBF3635E4}.Release|x86.ActiveCfg = Release|Any CPU
		{7D0C770C-FD8C-4C03-AB18-CCCBBF3635E4}.Release|x86.Build.0 = Release|Any CPU
		{E654699E-AFDB-4D4F-8243-ED145B483695}.Debug|Any CPU.ActiveCfg = Debug|Any CPU
		{E654699E-AFDB-4D4F-8243-ED145B483695}.Debug|Any CPU.Build.0 = Debug|Any CPU
		{E654699E-AFDB-4D4F-8243-ED145B483695}.Debug|x64.ActiveCfg = Debug|Any CPU
		{E654699E-AFDB-4D4F-8243-ED145B483695}.Debug|x64.Build.0 = Debug|Any CPU
		{E654699E-AFDB-4D4F-8243-ED145B483695}.Debug|x86.ActiveCfg = Debug|Any CPU
		{E654699E-AFDB-4D4F-8243-ED145B483695}.Debug|x86.Build.0 = Debug|Any CPU
		{E654699E-AFDB-4D4F-8243-ED145B483695}.Release|Any CPU.ActiveCfg = Release|Any CPU
		{E654699E-AFDB-4D4F-8243-ED145B483695}.Release|Any CPU.Build.0 = Release|Any CPU
		{E654699E-AFDB-4D4F-8243-ED145B483695}.Release|x64.ActiveCfg = Release|Any CPU
		{E654699E-AFDB-4D4F-8243-ED145B483695}.Release|x64.Build.0 = Release|Any CPU
		{E654699E-AFDB-4D4F-8243-ED145B483695}.Release|x86.ActiveCfg = Release|Any CPU
		{E654699E-AFDB-4D4F-8243-ED145B483695}.Release|x86.Build.0 = Release|Any CPU
	EndGlobalSection
EndGlobal
